
Microsoft Visual Studio Solution File, Format Version 12.00
# Visual Studio Version 17
VisualStudioVersion = 17.5.33516.290
MinimumVisualStudioVersion = 10.0.40219.1
Project("{9A19103F-16F7-4668-BE54-9A1E7A4F7556}") = "DatabaseProject_", "DatabaseProject_\DatabaseProject_.csproj", "{CBE649AE-5A70-4C59-ADEA-26223AC1FB76}"
EndProject
Project("{00D1A9C2-B5F0-4AF3-8072-F6C62B433612}") = "DBProjectDatabase", "DBProjectDatabase\DBProjectDatabase.sqlproj", "{F849836A-AF40-4E92-821E-1BAB91F10781}"
EndProject
Project("{9A19103F-16F7-4668-BE54-9A1E7A4F7556}") = "DataAccess", "DataAccess\DataAccess.csproj", "{F96BD4E0-7015-4246-9F39-8CC5C4287EAB}"
EndProject
Global
	GlobalSection(SolutionConfigurationPlatforms) = preSolution
		Debug|Any CPU = Debug|Any CPU
		Release|Any CPU = Release|Any CPU
	EndGlobalSection
	GlobalSection(ProjectConfigurationPlatforms) = postSolution
		{CBE649AE-5A70-4C59-ADEA-26223AC1FB76}.Debug|Any CPU.ActiveCfg = Debug|Any CPU
		{CBE649AE-5A70-4C59-ADEA-26223AC1FB76}.Debug|Any CPU.Build.0 = Debug|Any CPU
		{CBE649AE-5A70-4C59-ADEA-26223AC1FB76}.Release|Any CPU.ActiveCfg = Release|Any CPU
		{CBE649AE-5A70-4C59-ADEA-26223AC1FB76}.Release|Any CPU.Build.0 = Release|Any CPU
		{F849836A-AF40-4E92-821E-1BAB91F10781}.Debug|Any CPU.ActiveCfg = Debug|Any CPU
		{F849836A-AF40-4E92-821E-1BAB91F10781}.Debug|Any CPU.Build.0 = Debug|Any CPU
		{F849836A-AF40-4E92-821E-1BAB91F10781}.Debug|Any CPU.Deploy.0 = Debug|Any CPU
		{F849836A-AF40-4E92-821E-1BAB91F10781}.Release|Any CPU.ActiveCfg = Release|Any CPU
		{F849836A-AF40-4E92-821E-1BAB91F10781}.Release|Any CPU.Build.0 = Release|Any CPU
		{F849836A-AF40-4E92-821E-1BAB91F10781}.Release|Any CPU.Deploy.0 = Release|Any CPU
		{F96BD4E0-7015-4246-9F39-8CC5C4287EAB}.Debug|Any CPU.ActiveCfg = Debug|Any CPU
		{F96BD4E0-7015-4246-9F39-8CC5C4287EAB}.Debug|Any CPU.Build.0 = Debug|Any CPU
		{F96BD4E0-7015-4246-9F39-8CC5C4287EAB}.Release|Any CPU.ActiveCfg = Release|Any CPU
		{F96BD4E0-7015-4246-9F39-8CC5C4287EAB}.Release|Any CPU.Build.0 = Release|Any CPU
	EndGlobalSection
	GlobalSection(SolutionProperties) = preSolution
		HideSolutionNode = FALSE
	EndGlobalSection
	GlobalSection(ExtensibilityGlobals) = postSolution
		SolutionGuid = {C9031442-6473-456D-A907-595B2092E3B1}
	EndGlobalSection
EndGlobal
